
Microsoft Visual Studio Solution File, Format Version 12.00
# Visual Studio Version 18
VisualStudioVersion = 18.4.11620.152 stable
MinimumVisualStudioVersion = 10.0.40219.1
Project("{FAE04EC0-301F-11D3-BF4B-00C04F79EFBC}") = "HabController", "HabController\HabController.csproj", "{D9F8C786-2C7B-4F57-A4DE-BC34EB4C774C}"
EndProject
Project("{FAE04EC0-301F-11D3-BF4B-00C04F79EFBC}") = "HabController.Gps", "HabController.Gps\HabController.Gps.csproj", "{CB632621-373B-4DC6-8ECC-E0F687ECADF6}"
EndProject
Project("{FAE04EC0-301F-11D3-BF4B-00C04F79EFBC}") = "HabController.Logging", "Logging\HabController.Logging.csproj", "{3F96DD30-42CB-4878-8AA8-646D92294D9A}"
EndProject
Global
	GlobalSection(SolutionConfigurationPlatforms) = preSolution
		Debug|Any CPU = Debug|Any CPU
		Release|Any CPU = Release|Any CPU
	EndGlobalSection
	GlobalSection(ProjectConfigurationPlatforms) = postSolution
		{D9F8C786-2C7B-4F57-A4DE-BC34EB4C774C}.Debug|Any CPU.ActiveCfg = Debug|Any CPU
		{D9F8C786-2C7B-4F57-A4DE-BC34EB4C774C}.Debug|Any CPU.Build.0 = Debug|Any CPU
		{D9F8C786-2C7B-4F57-A4DE-BC34EB4C774C}.Release|Any CPU.ActiveCfg = Release|Any CPU
		{D9F8C786-2C7B-4F57-A4DE-BC34EB4C774C}.Release|Any CPU.Build.0 = Release|Any CPU
		{CB632621-373B-4DC6-8ECC-E0F687ECADF6}.Debug|Any CPU.ActiveCfg = Debug|Any CPU
		{CB632621-373B-4DC6-8ECC-E0F687ECADF6}.Debug|Any CPU.Build.0 = Debug|Any CPU
		{CB632621-373B-4DC6-8ECC-E0F687ECADF6}.Release|Any CPU.ActiveCfg = Release|Any CPU
		{CB632621-373B-4DC6-8ECC-E0F687ECADF6}.Release|Any CPU.Build.0 = Release|Any CPU
		{3F96DD30-42CB-4878-8AA8-646D92294D9A}.Debug|Any CPU.ActiveCfg = Debug|Any CPU
		{3F96DD30-42CB-4878-8AA8-646D92294D9A}.Debug|Any CPU.Build.0 = Debug|Any CPU
		{3F96DD30-42CB-4878-8AA8-646D92294D9A}.Release|Any CPU.ActiveCfg = Release|Any CPU
		{3F96DD30-42CB-4878-8AA8-646D92294D9A}.Release|Any CPU.Build.0 = Release|Any CPU
	EndGlobalSection
	GlobalSection(SolutionProperties) = preSolution
		HideSolutionNode = FALSE
	EndGlobalSection
	GlobalSection(ExtensibilityGlobals) = postSolution
		SolutionGuid = {31E6E3B8-621E-434B-ADC7-CFC7DEFDB320}
	EndGlobalSection
EndGlobal
